
Microsoft Visual Studio Solution File, Format Version 12.00
# Visual Studio 14
VisualStudioVersion = 14.0.24720.0
MinimumVisualStudioVersion = 10.0.40219.1
Project("{FAE04EC0-301F-11D3-BF4B-00C04F79EFBC}") = "Chatter.Api", "Chatter.Api\Chatter.Api.csproj", "{62776C75-4010-4494-89F6-73483034E9A3}"
EndProject
Project("{2150E333-8FDC-42A3-9474-1A3956D46DE8}") = "PublishScripts", "PublishScripts", "{3257C971-4C2C-4665-B4EA-6ED92FEBEAEB}"
EndProject
Project("{2150E333-8FDC-42A3-9474-1A3956D46DE8}") = "Scripts", "Scripts", "{461681BE-AF61-454C-BCAD-09DF27CE0F8D}"
	ProjectSection(SolutionItems) = preProject
		PublishScripts\Scripts\Deploy-AzureResourceGroup.ps1 = PublishScripts\Scripts\Deploy-AzureResourceGroup.ps1
	EndProjectSection
EndProject
Project("{2150E333-8FDC-42A3-9474-1A3956D46DE8}") = "Templates", "Templates", "{622E30AA-1C37-48BD-B21E-68D94201CD6F}"
	ProjectSection(SolutionItems) = preProject
		PublishScripts\Templates\ChatterApi.json = PublishScripts\Templates\ChatterApi.json
		PublishScripts\Templates\ChatterApi.param.dev.json = PublishScripts\Templates\ChatterApi.param.dev.json
	EndProjectSection
EndProject
Global
	GlobalSection(SolutionConfigurationPlatforms) = preSolution
		Debug|Any CPU = Debug|Any CPU
		Release|Any CPU = Release|Any CPU
	EndGlobalSection
	GlobalSection(ProjectConfigurationPlatforms) = postSolution
		{62776C75-4010-4494-89F6-73483034E9A3}.Debug|Any CPU.ActiveCfg = Debug|Any CPU
		{62776C75-4010-4494-89F6-73483034E9A3}.Debug|Any CPU.Build.0 = Debug|Any CPU
		{62776C75-4010-4494-89F6-73483034E9A3}.Release|Any CPU.ActiveCfg = Release|Any CPU
		{62776C75-4010-4494-89F6-73483034E9A3}.Release|Any CPU.Build.0 = Release|Any CPU
	EndGlobalSection
	GlobalSection(SolutionProperties) = preSolution
		HideSolutionNode = FALSE
	EndGlobalSection
	GlobalSection(NestedProjects) = preSolution
		{461681BE-AF61-454C-BCAD-09DF27CE0F8D} = {3257C971-4C2C-4665-B4EA-6ED92FEBEAEB}
		{622E30AA-1C37-48BD-B21E-68D94201CD6F} = {3257C971-4C2C-4665-B4EA-6ED92FEBEAEB}
	EndGlobalSection
EndGlobal
